
Microsoft Visual Studio Solution File, Format Version 12.00
# Visual Studio Version 16
VisualStudioVersion = 16.0.31911.196
MinimumVisualStudioVersion = 10.0.40219.1
Project("{FAE04EC0-301F-11D3-BF4B-00C04F79EFBC}") = "Project01", "Project01.csproj", "{52596FB5-B5F9-4EC8-8556-2CA83C7F560B}"
EndProject
Global
	GlobalSection(SolutionConfigurationPlatforms) = preSolution
		Debug|Any CPU = Debug|Any CPU
		Release|Any CPU = Release|Any CPU
	EndGlobalSection
	GlobalSection(ProjectConfigurationPlatforms) = postSolution
		{52596FB5-B5F9-4EC8-8556-2CA83C7F560B}.Debug|Any CPU.ActiveCfg = Debug|Any CPU
		{52596FB5-B5F9-4EC8-8556-2CA83C7F560B}.Debug|Any CPU.Build.0 = Debug|Any CPU
		{52596FB5-B5F9-4EC8-8556-2CA83C7F560B}.Release|Any CPU.ActiveCfg = Release|Any CPU
		{52596FB5-B5F9-4EC8-8556-2CA83C7F560B}.Release|Any CPU.Build.0 = Release|Any CPU
	EndGlobalSection
	GlobalSection(SolutionProperties) = preSolution
		HideSolutionNode = FALSE
	EndGlobalSection
	GlobalSection(ExtensibilityGlobals) = postSolution
		SolutionGuid = {B440ECCA-E6E9-44CD-92F9-23F63BC83495}
	EndGlobalSection
EndGlobal
